
Microsoft Visual Studio Solution File, Format Version 12.00
# Visual Studio 15
VisualStudioVersion = 15.0.27004.2006
MinimumVisualStudioVersion = 10.0.40219.1
Project("{FAE04EC0-301F-11D3-BF4B-00C04F79EFBC}") = "MyProject.Core", "MyProject.Core\MyProject.Core.csproj", "{3ED7BED0-8720-4D1B-B6CB-2E236F581D11}"
EndProject
Project("{9A19103F-16F7-4668-BE54-9A1E7A4F7556}") = "MyProject", "MyProject\MyProject.csproj", "{D2F9CDDB-5858-45FF-BC78-3BA4F391FE27}"
EndProject
Global
	GlobalSection(SolutionConfigurationPlatforms) = preSolution
		Debug|Any CPU = Debug|Any CPU
		Release|Any CPU = Release|Any CPU
	EndGlobalSection
	GlobalSection(ProjectConfigurationPlatforms) = postSolution
		{3ED7BED0-8720-4D1B-B6CB-2E236F581D11}.Debug|Any CPU.ActiveCfg = Debug|Any CPU
		{3ED7BED0-8720-4D1B-B6CB-2E236F581D11}.Debug|Any CPU.Build.0 = Debug|Any CPU
		{3ED7BED0-8720-4D1B-B6CB-2E236F581D11}.Release|Any CPU.ActiveCfg = Release|Any CPU
		{3ED7BED0-8720-4D1B-B6CB-2E236F581D11}.Release|Any CPU.Build.0 = Release|Any CPU
		{D2F9CDDB-5858-45FF-BC78-3BA4F391FE27}.Debug|Any CPU.ActiveCfg = Debug|Any CPU
		{D2F9CDDB-5858-45FF-BC78-3BA4F391FE27}.Debug|Any CPU.Build.0 = Debug|Any CPU
		{D2F9CDDB-5858-45FF-BC78-3BA4F391FE27}.Release|Any CPU.ActiveCfg = Release|Any CPU
		{D2F9CDDB-5858-45FF-BC78-3BA4F391FE27}.Release|Any CPU.Build.0 = Release|Any CPU
	EndGlobalSection
	GlobalSection(SolutionProperties) = preSolution
		HideSolutionNode = FALSE
	EndGlobalSection
	GlobalSection(ExtensibilityGlobals) = postSolution
		SolutionGuid = {70E63F95-222E-4657-8CA6-56AA69A92606}
	EndGlobalSection
EndGlobal
